{
  "originHash" : "ab10ae0083635edae92ab7c58510a416fc0963dab19969cba95d1b98e7f69668",
  "pins" : [
    {
      "identity" : "sunshine",
      "kind" : "remoteSourceControl",
      "location" : "https://github.com/octavore/sunshine.git",
      "state" : {
        "revision" : "ffd95c24ac0610ae4444fb582034052c008676ad",
        "version" : "0.1.0"
      }
    }
  ],
  "version" : 3
}
