{
  "originHash" : "ab10ae0083635edae92ab7c58510a416fc0963dab19969cba95d1b98e7f69668",
  "pins" : [
    {
      "identity" : "sunshine",
      "kind" : "remoteSourceControl",
      "location" : "https://github.com/octavore/sunshine.git",
      "state" : {
        "revision" : "7c5025af95e600c16020f603a471edf69fa7e061",
        "version" : "0.2.0"
      }
    }
  ],
  "version" : 3
}
